
Microsoft Visual Studio Solution File, Format Version 12.00
# Visual Studio Version 17
VisualStudioVersion = 17.5.33516.290
MinimumVisualStudioVersion = 10.0.40219.1
Project("{FAE04EC0-301F-11D3-BF4B-00C04F79EFBC}") = "LinqLearn", "LinqLearn\LinqLearn.csproj", "{5E84363E-2D3E-4CB1-BA88-AB34FC9C0421}"
EndProject
Global
	GlobalSection(SolutionConfigurationPlatforms) = preSolution
		Debug|Any CPU = Debug|Any CPU
		Release|Any CPU = Release|Any CPU
	EndGlobalSection
	GlobalSection(ProjectConfigurationPlatforms) = postSolution
		{5E84363E-2D3E-4CB1-BA88-AB34FC9C0421}.Debug|Any CPU.ActiveCfg = Debug|Any CPU
		{5E84363E-2D3E-4CB1-BA88-AB34FC9C0421}.Debug|Any CPU.Build.0 = Debug|Any CPU
		{5E84363E-2D3E-4CB1-BA88-AB34FC9C0421}.Release|Any CPU.ActiveCfg = Release|Any CPU
		{5E84363E-2D3E-4CB1-BA88-AB34FC9C0421}.Release|Any CPU.Build.0 = Release|Any CPU
	EndGlobalSection
	GlobalSection(SolutionProperties) = preSolution
		HideSolutionNode = FALSE
	EndGlobalSection
	GlobalSection(ExtensibilityGlobals) = postSolution
		SolutionGuid = {EC7245C3-EDAB-491D-AECF-07B079908946}
	EndGlobalSection
EndGlobal
