
Microsoft Visual Studio Solution File, Format Version 12.00
# Visual Studio Version 17
VisualStudioVersion = 17.5.33502.453
MinimumVisualStudioVersion = 10.0.40219.1
Project("{FAE04EC0-301F-11D3-BF4B-00C04F79EFBC}") = "EventLearn", "EventLearn\EventLearn.csproj", "{51F8C848-05B3-40BD-B425-3C95AAB003FB}"
EndProject
Global
	GlobalSection(SolutionConfigurationPlatforms) = preSolution
		Debug|Any CPU = Debug|Any CPU
		Release|Any CPU = Release|Any CPU
	EndGlobalSection
	GlobalSection(ProjectConfigurationPlatforms) = postSolution
		{51F8C848-05B3-40BD-B425-3C95AAB003FB}.Debug|Any CPU.ActiveCfg = Debug|Any CPU
		{51F8C848-05B3-40BD-B425-3C95AAB003FB}.Debug|Any CPU.Build.0 = Debug|Any CPU
		{51F8C848-05B3-40BD-B425-3C95AAB003FB}.Release|Any CPU.ActiveCfg = Release|Any CPU
		{51F8C848-05B3-40BD-B425-3C95AAB003FB}.Release|Any CPU.Build.0 = Release|Any CPU
	EndGlobalSection
	GlobalSection(SolutionProperties) = preSolution
		HideSolutionNode = FALSE
	EndGlobalSection
	GlobalSection(ExtensibilityGlobals) = postSolution
		SolutionGuid = {CE39DD54-527B-4F3D-852F-CC3EC379E114}
	EndGlobalSection
EndGlobal
