
Microsoft Visual Studio Solution File, Format Version 12.00
# Visual Studio Version 17
VisualStudioVersion = 17.5.33516.290
MinimumVisualStudioVersion = 10.0.40219.1
Project("{FAE04EC0-301F-11D3-BF4B-00C04F79EFBC}") = "ReflectionLearn", "ReflectionLearn\ReflectionLearn.csproj", "{7E1DD7C3-0A35-4926-81C7-3F34EFEFFB2A}"
EndProject
Global
	GlobalSection(SolutionConfigurationPlatforms) = preSolution
		Debug|Any CPU = Debug|Any CPU
		Release|Any CPU = Release|Any CPU
	EndGlobalSection
	GlobalSection(ProjectConfigurationPlatforms) = postSolution
		{7E1DD7C3-0A35-4926-81C7-3F34EFEFFB2A}.Debug|Any CPU.ActiveCfg = Debug|Any CPU
		{7E1DD7C3-0A35-4926-81C7-3F34EFEFFB2A}.Debug|Any CPU.Build.0 = Debug|Any CPU
		{7E1DD7C3-0A35-4926-81C7-3F34EFEFFB2A}.Release|Any CPU.ActiveCfg = Release|Any CPU
		{7E1DD7C3-0A35-4926-81C7-3F34EFEFFB2A}.Release|Any CPU.Build.0 = Release|Any CPU
	EndGlobalSection
	GlobalSection(SolutionProperties) = preSolution
		HideSolutionNode = FALSE
	EndGlobalSection
	GlobalSection(ExtensibilityGlobals) = postSolution
		SolutionGuid = {9D92AA80-3C51-4D3E-94FB-A6A11FE663D9}
	EndGlobalSection
EndGlobal
