
Microsoft Visual Studio Solution File, Format Version 12.00
# Visual Studio Version 17
VisualStudioVersion = 17.5.33516.290
MinimumVisualStudioVersion = 10.0.40219.1
Project("{FAE04EC0-301F-11D3-BF4B-00C04F79EFBC}") = "SelectAPI", "SelectAPI\SelectAPI.csproj", "{AA5F1DB6-6087-4A1B-AE73-BBDC0433365B}"
EndProject
Global
	GlobalSection(SolutionConfigurationPlatforms) = preSolution
		Debug|Any CPU = Debug|Any CPU
		Release|Any CPU = Release|Any CPU
	EndGlobalSection
	GlobalSection(ProjectConfigurationPlatforms) = postSolution
		{AA5F1DB6-6087-4A1B-AE73-BBDC0433365B}.Debug|Any CPU.ActiveCfg = Debug|Any CPU
		{AA5F1DB6-6087-4A1B-AE73-BBDC0433365B}.Debug|Any CPU.Build.0 = Debug|Any CPU
		{AA5F1DB6-6087-4A1B-AE73-BBDC0433365B}.Release|Any CPU.ActiveCfg = Release|Any CPU
		{AA5F1DB6-6087-4A1B-AE73-BBDC0433365B}.Release|Any CPU.Build.0 = Release|Any CPU
	EndGlobalSection
	GlobalSection(SolutionProperties) = preSolution
		HideSolutionNode = FALSE
	EndGlobalSection
	GlobalSection(ExtensibilityGlobals) = postSolution
		SolutionGuid = {E671F007-682B-4614-AD36-BEA3ABA194B0}
	EndGlobalSection
EndGlobal
